
Microsoft Visual Studio Solution File, Format Version 12.00
# Visual Studio Version 17
VisualStudioVersion = 17.1.32328.378
MinimumVisualStudioVersion = 10.0.40219.1
Project("{FAE04EC0-301F-11D3-BF4B-00C04F79EFBC}") = "Bank", "Bank\Bank.csproj", "{6E5DCB82-05FE-4450-83B8-EA3BA65E2E8D}"
EndProject
Project("{FAE04EC0-301F-11D3-BF4B-00C04F79EFBC}") = "BankTests", "BankTests\BankTests.csproj", "{BCCBEB49-89AA-4D96-AB0D-D9E2DDE79170}"
EndProject
Global
	GlobalSection(SolutionConfigurationPlatforms) = preSolution
		Debug|Any CPU = Debug|Any CPU
		Release|Any CPU = Release|Any CPU
	EndGlobalSection
	GlobalSection(ProjectConfigurationPlatforms) = postSolution
		{6E5DCB82-05FE-4450-83B8-EA3BA65E2E8D}.Debug|Any CPU.ActiveCfg = Debug|Any CPU
		{6E5DCB82-05FE-4450-83B8-EA3BA65E2E8D}.Debug|Any CPU.Build.0 = Debug|Any CPU
		{6E5DCB82-05FE-4450-83B8-EA3BA65E2E8D}.Release|Any CPU.ActiveCfg = Release|Any CPU
		{6E5DCB82-05FE-4450-83B8-EA3BA65E2E8D}.Release|Any CPU.Build.0 = Release|Any CPU
		{BCCBEB49-89AA-4D96-AB0D-D9E2DDE79170}.Debug|Any CPU.ActiveCfg = Debug|Any CPU
		{BCCBEB49-89AA-4D96-AB0D-D9E2DDE79170}.Debug|Any CPU.Build.0 = Debug|Any CPU
		{BCCBEB49-89AA-4D96-AB0D-D9E2DDE79170}.Release|Any CPU.ActiveCfg = Release|Any CPU
		{BCCBEB49-89AA-4D96-AB0D-D9E2DDE79170}.Release|Any CPU.Build.0 = Release|Any CPU
	EndGlobalSection
	GlobalSection(SolutionProperties) = preSolution
		HideSolutionNode = FALSE
	EndGlobalSection
	GlobalSection(ExtensibilityGlobals) = postSolution
		SolutionGuid = {B53FE01B-7A4A-410A-A33C-10020AF022C3}
	EndGlobalSection
EndGlobal
